
Microsoft Visual Studio Solution File, Format Version 12.00
# Visual Studio 15
VisualStudioVersion = 15.0.27004.2008
MinimumVisualStudioVersion = 10.0.40219.1
Project("{8BC9CEB8-8B4A-11D0-8D11-00A0C91BC942}") = "HelloWorld", "HelloWorld\HelloWorld.vcxproj", "{038BFB31-868A-4DE4-BF0F-B9C5AD0E8E1F}"
EndProject
Project("{8BC9CEB8-8B4A-11D0-8D11-00A0C91BC942}") = "Basic", "Basic\Basic.vcxproj", "{05C13241-8129-4697-AEC6-5EC6369D00C0}"
EndProject
Project("{8BC9CEB8-8B4A-11D0-8D11-00A0C91BC942}") = "IO", "IO\IO.vcxproj", "{7F23EFC0-C53F-4A50-A528-562723BAFB3F}"
EndProject
Project("{8BC9CEB8-8B4A-11D0-8D11-00A0C91BC942}") = "OOP", "OOP\OOP.vcxproj", "{CF11031A-13C8-48FE-A05D-072D4AC551EE}"
EndProject
Project("{8BC9CEB8-8B4A-11D0-8D11-00A0C91BC942}") = "STL", "STL\STL.vcxproj", "{BBF3E20F-9429-4328-B004-6EDEEE266840}"
EndProject
Project("{8BC9CEB8-8B4A-11D0-8D11-00A0C91BC942}") = "MemoryControll", "MemoryControll\MemoryControll.vcxproj", "{862D3B8B-9D3A-43FA-9F1D-9CB797483131}"
EndProject
Global
	GlobalSection(SolutionConfigurationPlatforms) = preSolution
		Debug|x64 = Debug|x64
		Debug|x86 = Debug|x86
		Release|x64 = Release|x64
		Release|x86 = Release|x86
	EndGlobalSection
	GlobalSection(ProjectConfigurationPlatforms) = postSolution
		{038BFB31-868A-4DE4-BF0F-B9C5AD0E8E1F}.Debug|x64.ActiveCfg = Debug|x64
		{038BFB31-868A-4DE4-BF0F-B9C5AD0E8E1F}.Debug|x64.Build.0 = Debug|x64
		{038BFB31-868A-4DE4-BF0F-B9C5AD0E8E1F}.Debug|x86.ActiveCfg = Debug|Win32
		{038BFB31-868A-4DE4-BF0F-B9C5AD0E8E1F}.Debug|x86.Build.0 = Debug|Win32
		{038BFB31-868A-4DE4-BF0F-B9C5AD0E8E1F}.Release|x64.ActiveCfg = Release|x64
		{038BFB31-868A-4DE4-BF0F-B9C5AD0E8E1F}.Release|x64.Build.0 = Release|x64
		{038BFB31-868A-4DE4-BF0F-B9C5AD0E8E1F}.Release|x86.ActiveCfg = Release|Win32
		{038BFB31-868A-4DE4-BF0F-B9C5AD0E8E1F}.Release|x86.Build.0 = Release|Win32
		{05C13241-8129-4697-AEC6-5EC6369D00C0}.Debug|x64.ActiveCfg = Debug|x64
		{05C13241-8129-4697-AEC6-5EC6369D00C0}.Debug|x64.Build.0 = Debug|x64
		{05C13241-8129-4697-AEC6-5EC6369D00C0}.Debug|x86.ActiveCfg = Debug|Win32
		{05C13241-8129-4697-AEC6-5EC6369D00C0}.Debug|x86.Build.0 = Debug|Win32
		{05C13241-8129-4697-AEC6-5EC6369D00C0}.Release|x64.ActiveCfg = Release|x64
		{05C13241-8129-4697-AEC6-5EC6369D00C0}.Release|x64.Build.0 = Release|x64
		{05C13241-8129-4697-AEC6-5EC6369D00C0}.Release|x86.ActiveCfg = Release|Win32
		{05C13241-8129-4697-AEC6-5EC6369D00C0}.Release|x86.Build.0 = Release|Win32
		{7F23EFC0-C53F-4A50-A528-562723BAFB3F}.Debug|x64.ActiveCfg = Debug|x64
		{7F23EFC0-C53F-4A50-A528-562723BAFB3F}.Debug|x64.Build.0 = Debug|x64
		{7F23EFC0-C53F-4A50-A528-562723BAFB3F}.Debug|x86.ActiveCfg = Debug|Win32
		{7F23EFC0-C53F-4A50-A528-562723BAFB3F}.Debug|x86.Build.0 = Debug|Win32
		{7F23EFC0-C53F-4A50-A528-562723BAFB3F}.Release|x64.ActiveCfg = Release|x64
		{7F23EFC0-C53F-4A50-A528-562723BAFB3F}.Release|x64.Build.0 = Release|x64
		{7F23EFC0-C53F-4A50-A528-562723BAFB3F}.Release|x86.ActiveCfg = Release|Win32
		{7F23EFC0-C53F-4A50-A528-562723BAFB3F}.Release|x86.Build.0 = Release|Win32
		{CF11031A-13C8-48FE-A05D-072D4AC551EE}.Debug|x64.ActiveCfg = Debug|x64
		{CF11031A-13C8-48FE-A05D-072D4AC551EE}.Debug|x64.Build.0 = Debug|x64
		{CF11031A-13C8-48FE-A05D-072D4AC551EE}.Debug|x86.ActiveCfg = Debug|Win32
		{CF11031A-13C8-48FE-A05D-072D4AC551EE}.Debug|x86.Build.0 = Debug|Win32
		{CF11031A-13C8-48FE-A05D-072D4AC551EE}.Release|x64.ActiveCfg = Release|x64
		{CF11031A-13C8-48FE-A05D-072D4AC551EE}.Release|x64.Build.0 = Release|x64
		{CF11031A-13C8-48FE-A05D-072D4AC551EE}.Release|x86.ActiveCfg = Release|Win32
		{CF11031A-13C8-48FE-A05D-072D4AC551EE}.Release|x86.Build.0 = Release|Win32
		{BBF3E20F-9429-4328-B004-6EDEEE266840}.Debug|x64.ActiveCfg = Debug|x64
		{BBF3E20F-9429-4328-B004-6EDEEE266840}.Debug|x64.Build.0 = Debug|x64
		{BBF3E20F-9429-4328-B004-6EDEEE266840}.Debug|x86.ActiveCfg = Debug|Win32
		{BBF3E20F-9429-4328-B004-6EDEEE266840}.Debug|x86.Build.0 = Debug|Win32
		{BBF3E20F-9429-4328-B004-6EDEEE266840}.Release|x64.ActiveCfg = Release|x64
		{BBF3E20F-9429-4328-B004-6EDEEE266840}.Release|x64.Build.0 = Release|x64
		{BBF3E20F-9429-4328-B004-6EDEEE266840}.Release|x86.ActiveCfg = Release|Win32
		{BBF3E20F-9429-4328-B004-6EDEEE266840}.Release|x86.Build.0 = Release|Win32
		{862D3B8B-9D3A-43FA-9F1D-9CB797483131}.Debug|x64.ActiveCfg = Debug|x64
		{862D3B8B-9D3A-43FA-9F1D-9CB797483131}.Debug|x64.Build.0 = Debug|x64
		{862D3B8B-9D3A-43FA-9F1D-9CB797483131}.Debug|x86.ActiveCfg = Debug|Win32
		{862D3B8B-9D3A-43FA-9F1D-9CB797483131}.Debug|x86.Build.0 = Debug|Win32
		{862D3B8B-9D3A-43FA-9F1D-9CB797483131}.Release|x64.ActiveCfg = Release|x64
		{862D3B8B-9D3A-43FA-9F1D-9CB797483131}.Release|x64.Build.0 = Release|x64
		{862D3B8B-9D3A-43FA-9F1D-9CB797483131}.Release|x86.ActiveCfg = Release|Win32
		{862D3B8B-9D3A-43FA-9F1D-9CB797483131}.Release|x86.Build.0 = Release|Win32
	EndGlobalSection
	GlobalSection(SolutionProperties) = preSolution
		HideSolutionNode = FALSE
	EndGlobalSection
	GlobalSection(ExtensibilityGlobals) = postSolution
		SolutionGuid = {2AE5A900-EE9A-4E6B-BD3A-F95427A4EEC4}
	EndGlobalSection
EndGlobal
